{
  "name": "test_module",
  "version": "1.0.0",
  "lockfileVersion": 1,
  "requires": true,
  "dependencies": {
    "@kamimi01/test_20200108": {
      "version": "0.0.1",
      "resolved": "https://registry.npmjs.org/@kamimi01/test_20200108/-/test_20200108-0.0.1.tgz",
      "integrity": "sha512-EklI67uJs+9hDnrFMb3dSHroS4Z77cMOHvL1Fj+VnNKuaG5N2EBCisGFTPFNLpUEN1Br6b8sM7GCAlhOJF1H3Q=="
    }
  }
}
